// !$*UTF8*$!
{
	archiveVersion = 1;
	classes = {
	};
	objectVersion = 55;
	objects = {

/* Begin PBXBuildFile section */
		4917FA5A27FDFC0100B30498 /* AppDelegate.swift in Sources */ = {isa = PBXBuildFile; fileRef = 4917FA5927FDFC0100B30498 /* AppDelegate.swift */; };
		4917FA5C27FDFC0100B30498 /* SceneDelegate.swift in Sources */ = {isa = PBXBuildFile; fileRef = 4917FA5B27FDFC0100B30498 /* SceneDelegate.swift */; };
		4917FA5E27FDFC0100B30498 /* ViewController.swift in Sources */ = {isa = PBXBuildFile; fileRef = 4917FA5D27FDFC0100B30498 /* ViewController.swift */; };
		4917FA6127FDFC0100B30498 /* Main.storyboard in Resources */ = {isa = PBXBuildFile; fileRef = 4917FA5F27FDFC0100B30498 /* Main.storyboard */; };
		4917FA6427FDFC0100B30498 /* ProyectoAvance.xcdatamodeld in Sources */ = {isa = PBXBuildFile; fileRef = 4917FA6227FDFC0100B30498 /* ProyectoAvance.xcdatamodeld */; };
		4917FA6627FDFC0300B30498 /* Assets.xcassets in Resources */ = {isa = PBXBuildFile; fileRef = 4917FA6527FDFC0300B30498 /* Assets.xcassets */; };
		4917FA6927FDFC0300B30498 /* LaunchScreen.storyboard in Resources */ = {isa = PBXBuildFile; fileRef = 4917FA6727FDFC0300B30498 /* LaunchScreen.storyboard */; };
		4917FA7127FE0AC000B30498 /* TableViewController.swift in Sources */ = {isa = PBXBuildFile; fileRef = 4917FA7027FE0AC000B30498 /* TableViewController.swift */; };
		4917FA7327FE0B4000B30498 /* TableViewCell.swift in Sources */ = {isa = PBXBuildFile; fileRef = 4917FA7227FE0B4000B30498 /* TableViewCell.swift */; };
		4922B67827FF74C900D6615F /* secciones.swift in Sources */ = {isa = PBXBuildFile; fileRef = 4922B67727FF74C900D6615F /* secciones.swift */; };
/* End PBXBuildFile section */

/* Begin PBXFileReference section */
		4917FA5627FDFC0100B30498 /* ProyectoAvance.app */ = {isa = PBXFileReference; explicitFileType = wrapper.application; includeInIndex = 0; path = ProyectoAvance.app; sourceTree = BUILT_PRODUCTS_DIR; };
		4917FA5927FDFC0100B30498 /* AppDelegate.swift */ = {isa = PBXFileReference; lastKnownFileType = sourcecode.swift; path = AppDelegate.swift; sourceTree = "<group>"; };
		4917FA5B27FDFC0100B30498 /* SceneDelegate.swift */ = {isa = PBXFileReference; lastKnownFileType = sourcecode.swift; path = SceneDelegate.swift; sourceTree = "<group>"; };
		4917FA5D27FDFC0100B30498 /* ViewController.swift */ = {isa = PBXFileReference; lastKnownFileType = sourcecode.swift; path = ViewController.swift; sourceTree = "<group>"; };
		4917FA6027FDFC0100B30498 /* Base */ = {isa = PBXFileReference; lastKnownFileType = file.storyboard; name = Base; path = Base.lproj/Main.storyboard; sourceTree = "<group>"; };
		4917FA6327FDFC0100B30498 /* ProyectoAvance.xcdatamodel */ = {isa = PBXFileReference; lastKnownFileType = wrapper.xcdatamodel; path = ProyectoAvance.xcdatamodel; sourceTree = "<group>"; };
		4917FA6527FDFC0300B30498 /* Assets.xcassets */ = {isa = PBXFileReference; lastKnownFileType = folder.assetcatalog; path = Assets.xcassets; sourceTree = "<group>"; };
		4917FA6827FDFC0300B30498 /* Base */ = {isa = PBXFileReference; lastKnownFileType = file.storyboard; name = Base; path = Base.lproj/LaunchScreen.storyboard; sourceTree = "<group>"; };
		4917FA6A27FDFC0300B30498 /* Info.plist */ = {isa = PBXFileReference; lastKnownFileType = text.plist.xml; path = Info.plist; sourceTree = "<group>"; };
		4917FA7027FE0AC000B30498 /* TableViewController.swift */ = {isa = PBXFileReference; lastKnownFileType = sourcecode.swift; path = TableViewController.swift; sourceTree = "<group>"; };
		4917FA7227FE0B4000B30498 /* TableViewCell.swift */ = {isa = PBXFileReference; lastKnownFileType = sourcecode.swift; path = TableViewCell.swift; sourceTree = "<group>"; };
		4922B67727FF74C900D6615F /* secciones.swift */ = {isa = PBXFileReference; lastKnownFileType = sourcecode.swift; path = secciones.swift; sourceTree = "<group>"; };
/* End PBXFileReference section */

/* Begin PBXFrameworksBuildPhase section */
		4917FA5327FDFC0100B30498 /* Frameworks */ = {
			isa = PBXFrameworksBuildPhase;
			buildActionMask = 2147483647;
			files = (
			);
			runOnlyForDeploymentPostprocessing = 0;
		};
/* End PBXFrameworksBuildPhase section */

/* Begin PBXGroup section */
		4917FA4D27FDFC0100B30498 = {
			isa = PBXGroup;
			children = (
				4917FA5827FDFC0100B30498 /* ProyectoAvance */,
				4917FA5727FDFC0100B30498 /* Products */,
			);
			sourceTree = "<group>";
		};
		4917FA5727FDFC0100B30498 /* Products */ = {
			isa = PBXGroup;
			children = (
				4917FA5627FDFC0100B30498 /* ProyectoAvance.app */,
			);
			name = Products;
			sourceTree = "<group>";
		};
		4917FA5827FDFC0100B30498 /* ProyectoAvance */ = {
			isa = PBXGroup;
			children = (
				4917FA5927FDFC0100B30498 /* AppDelegate.swift */,
				4917FA5B27FDFC0100B30498 /* SceneDelegate.swift */,
				4917FA5D27FDFC0100B30498 /* ViewController.swift */,
				4922B67727FF74C900D6615F /* secciones.swift */,
				4917FA7027FE0AC000B30498 /* TableViewController.swift */,
				4917FA5F27FDFC0100B30498 /* Main.storyboard */,
				4917FA7227FE0B4000B30498 /* TableViewCell.swift */,
				4917FA6527FDFC0300B30498 /* Assets.xcassets */,
				4917FA6727FDFC0300B30498 /* LaunchScreen.storyboard */,
				4917FA6A27FDFC0300B30498 /* Info.plist */,
				4917FA6227FDFC0100B30498 /* ProyectoAvance.xcdatamodeld */,
			);
			path = ProyectoAvance;
			sourceTree = "<group>";
		};
/* End PBXGroup section */

/* Begin PBXNativeTarget section */
		4917FA5527FDFC0100B30498 /* ProyectoAvance */ = {
			isa = PBXNativeTarget;
			buildConfigurationList = 4917FA6D27FDFC0300B30498 /* Build configuration list for PBXNativeTarget "ProyectoAvance" */;
			buildPhases = (
				4917FA5227FDFC0100B30498 /* Sources */,
				4917FA5327FDFC0100B30498 /* Frameworks */,
				4917FA5427FDFC0100B30498 /* Resources */,
			);
			buildRules = (
			);
			dependencies = (
			);
			name = ProyectoAvance;
			productName = ProyectoAvance;
			productReference = 4917FA5627FDFC0100B30498 /* ProyectoAvance.app */;
			productType = "com.apple.product-type.application";
		};
/* End PBXNativeTarget section */

/* Begin PBXProject section */
		4917FA4E27FDFC0100B30498 /* Project object */ = {
			isa = PBXProject;
			attributes = {
				BuildIndependentTargetsInParallel = 1;
				LastSwiftUpdateCheck = 1320;
				LastUpgradeCheck = 1320;
				TargetAttributes = {
					4917FA5527FDFC0100B30498 = {
						CreatedOnToolsVersion = 13.2;
					};
				};
			};
			buildConfigurationList = 4917FA5127FDFC0100B30498 /* Build configuration list for PBXProject "ProyectoAvance" */;
			compatibilityVersion = "Xcode 13.0";
			developmentRegion = en;
			hasScannedForEncodings = 0;
			knownRegions = (
				en,
				Base,
			);
			mainGroup = 4917FA4D27FDFC0100B30498;
			productRefGroup = 4917FA5727FDFC0100B30498 /* Products */;
			projectDirPath = "";
			projectRoot = "";
			targets = (
				4917FA5527FDFC0100B30498 /* ProyectoAvance */,
			);
		};
/* End PBXProject section */

/* Begin PBXResourcesBuildPhase section */
		4917FA5427FDFC0100B30498 /* Resources */ = {
			isa = PBXResourcesBuildPhase;
			buildActionMask = 2147483647;
			files = (
				4917FA6927FDFC0300B30498 /* LaunchScreen.storyboard in Resources */,
				4917FA6627FDFC0300B30498 /* Assets.xcassets in Resources */,
				4917FA6127FDFC0100B30498 /* Main.storyboard in Resources */,
			);
			runOnlyForDeploymentPostprocessing = 0;
		};
/* End PBXResourcesBuildPhase section */

/* Begin PBXSourcesBuildPhase section */
		4917FA5227FDFC0100B30498 /* Sources */ = {
			isa = PBXSourcesBuildPhase;
			buildActionMask = 2147483647;
			files = (
				4922B67827FF74C900D6615F /* secciones.swift in Sources */,
				4917FA5E27FDFC0100B30498 /* ViewController.swift in Sources */,
				4917FA5A27FDFC0100B30498 /* AppDelegate.swift in Sources */,
				4917FA6427FDFC0100B30498 /* ProyectoAvance.xcdatamodeld in Sources */,
				4917FA7327FE0B4000B30498 /* TableViewCell.swift in Sources */,
				4917FA7127FE0AC000B30498 /* TableViewController.swift in Sources */,
				4917FA5C27FDFC0100B30498 /* SceneDelegate.swift in Sources */,
			);
			runOnlyForDeploymentPostprocessing = 0;
		};
/* End PBXSourcesBuildPhase section */

/* Begin PBXVariantGroup section */
		4917FA5F27FDFC0100B30498 /* Main.storyboard */ = {
			isa = PBXVariantGroup;
			children = (
				4917FA6027FDFC0100B30498 /* Base */,
			);
			name = Main.storyboard;
			sourceTree = "<group>";
		};
		4917FA6727FDFC0300B30498 /* LaunchScreen.storyboard */ = {
			isa = PBXVariantGroup;
			children = (
				4917FA6827FDFC0300B30498 /* Base */,
			);
			name = LaunchScreen.storyboard;
			sourceTree = "<group>";
		};
/* End PBXVariantGroup section */

/* Begin XCBuildConfiguration section */
		4917FA6B27FDFC0300B30498 /* Debug */ = {
			isa = XCBuildConfiguration;
			buildSettings = {
				ALWAYS_SEARCH_USER_PATHS = NO;
				CLANG_ANALYZER_NONNULL = YES;
				CLANG_ANALYZER_NUMBER_OBJECT_CONVERSION = YES_AGGRESSIVE;
				CLANG_CXX_LANGUAGE_STANDARD = "gnu++17";
				CLANG_CXX_LIBRARY = "libc++";
				CLANG_ENABLE_MODULES = YES;
				CLANG_ENABLE_OBJC_ARC = YES;
				CLANG_ENABLE_OBJC_WEAK = YES;
				CLANG_WARN_BLOCK_CAPTURE_AUTORELEASING = YES;
				CLANG_WARN_BOOL_CONVERSION = YES;
				CLANG_WARN_COMMA = YES;
				CLANG_WARN_CONSTANT_CONVERSION = YES;
				CLANG_WARN_DEPRECATED_OBJC_IMPLEMENTATIONS = YES;
				CLANG_WARN_DIRECT_OBJC_ISA_USAGE = YES_ERROR;
				CLANG_WARN_DOCUMENTATION_COMMENTS = YES;
				CLANG_WARN_EMPTY_BODY = YES;
				CLANG_WARN_ENUM_CONVERSION = YES;
				CLANG_WARN_INFINITE_RECURSION = YES;
				CLANG_WARN_INT_CONVERSION = YES;
				CLANG_WARN_NON_LITERAL_NULL_CONVERSION = YES;
				CLANG_WARN_OBJC_IMPLICIT_RETAIN_SELF = YES;
				CLANG_WARN_OBJC_LITERAL_CONVERSION = YES;
				CLANG_WARN_OBJC_ROOT_CLASS = YES_ERROR;
				CLANG_WARN_QUOTED_INCLUDE_IN_FRAMEWORK_HEADER = YES;
				CLANG_WARN_RANGE_LOOP_ANALYSIS = YES;
				CLANG_WARN_STRICT_PROTOTYPES = YES;
				CLANG_WARN_SUSPICIOUS_MOVE = YES;
				CLANG_WARN_UNGUARDED_AVAILABILITY = YES_AGGRESSIVE;
				CLANG_WARN_UNREACHABLE_CODE = YES;
				CLANG_WARN__DUPLICATE_METHOD_MATCH = YES;
				COPY_PHASE_STRIP = NO;
				DEBUG_INFORMATION_FORMAT = dwarf;
				ENABLE_STRICT_OBJC_MSGSEND = YES;
				ENABLE_TESTABILITY = YES;
				GCC_C_LANGUAGE_STANDARD = gnu11;
				GCC_DYNAMIC_NO_PIC = NO;
				GCC_NO_COMMON_BLOCKS = YES;
				GCC_OPTIMIZATION_LEVEL = 0;
				GCC_PREPROCESSOR_DEFINITIONS = (
					"DEBUG=1",
					"$(inherited)",
				);
				GCC_WARN_64_TO_32_BIT_CONVERSION = YES;
				GCC_WARN_ABOUT_RETURN_TYPE = YES_ERROR;
				GCC_WARN_UNDECLARED_SELECTOR = YES;
				GCC_WARN_UNINITIALIZED_AUTOS = YES_AGGRESSIVE;
				GCC_WARN_UNUSED_FUNCTION = YES;
				GCC_WARN_UNUSED_VARIABLE = YES;
				IPHONEOS_DEPLOYMENT_TARGET = 15.2;
				MTL_ENABLE_DEBUG_INFO = INCLUDE_SOURCE;
				MTL_FAST_MATH = YES;
				ONLY_ACTIVE_ARCH = YES;
				SDKROOT = iphoneos;
				SWIFT_ACTIVE_COMPILATION_CONDITIONS = DEBUG;
				SWIFT_OPTIMIZATION_LEVEL = "-Onone";
			};
			name = Debug;
		};
		4917FA6C27FDFC0300B30498 /* Release */ = {
			isa = XCBuildConfiguration;
			buildSettings = {
				ALWAYS_SEARCH_USER_PATHS = NO;
				CLANG_ANALYZER_NONNULL = YES;
				CLANG_ANALYZER_NUMBER_OBJECT_CONVERSION = YES_AGGRESSIVE;
				CLANG_CXX_LANGUAGE_STANDARD = "gnu++17";
				CLANG_CXX_LIBRARY = "libc++";
				CLANG_ENABLE_MODULES = YES;
				CLANG_ENABLE_OBJC_ARC = YES;
				CLANG_ENABLE_OBJC_WEAK = YES;
				CLANG_WARN_BLOCK_CAPTURE_AUTORELEASING = YES;
				CLANG_WARN_BOOL_CONVERSION = YES;
				CLANG_WARN_COMMA = YES;
				CLANG_WARN_CONSTANT_CONVERSION = YES;
				CLANG_WARN_DEPRECATED_OBJC_IMPLEMENTATIONS = YES;
				CLANG_WARN_DIRECT_OBJC_ISA_USAGE = YES_ERROR;
				CLANG_WARN_DOCUMENTATION_COMMENTS = YES;
				CLANG_WARN_EMPTY_BODY = YES;
				CLANG_WARN_ENUM_CONVERSION = YES;
				CLANG_WARN_INFINITE_RECURSION = YES;
				CLANG_WARN_INT_CONVERSION = YES;
				CLANG_WARN_NON_LITERAL_NULL_CONVERSION = YES;
				CLANG_WARN_OBJC_IMPLICIT_RETAIN_SELF = YES;
				CLANG_WARN_OBJC_LITERAL_CONVERSION = YES;
				CLANG_WARN_OBJC_ROOT_CLASS = YES_ERROR;
				CLANG_WARN_QUOTED_INCLUDE_IN_FRAMEWORK_HEADER = YES;
				CLANG_WARN_RANGE_LOOP_ANALYSIS = YES;
				CLANG_WARN_STRICT_PROTOTYPES = YES;
				CLANG_WARN_SUSPICIOUS_MOVE = YES;
				CLANG_WARN_UNGUARDED_AVAILABILITY = YES_AGGRESSIVE;
				CLANG_WARN_UNREACHABLE_CODE = YES;
				CLANG_WARN__DUPLICATE_METHOD_MATCH = YES;
				COPY_PHASE_STRIP = NO;
				DEBUG_INFORMATION_FORMAT = "dwarf-with-dsym";
				ENABLE_NS_ASSERTIONS = NO;
				ENABLE_STRICT_OBJC_MSGSEND = YES;
				GCC_C_LANGUAGE_STANDARD = gnu11;
				GCC_NO_COMMON_BLOCKS = YES;
				GCC_WARN_64_TO_32_BIT_CONVERSION = YES;
				GCC_WARN_ABOUT_RETURN_TYPE = YES_ERROR;
				GCC_WARN_UNDECLARED_SELECTOR = YES;
				GCC_WARN_UNINITIALIZED_AUTOS = YES_AGGRESSIVE;
				GCC_WARN_UNUSED_FUNCTION = YES;
				GCC_WARN_UNUSED_VARIABLE = YES;
				IPHONEOS_DEPLOYMENT_TARGET = 15.2;
				MTL_ENABLE_DEBUG_INFO = NO;
				MTL_FAST_MATH = YES;
				SDKROOT = iphoneos;
				SWIFT_COMPILATION_MODE = wholemodule;
				SWIFT_OPTIMIZATION_LEVEL = "-O";
				VALIDATE_PRODUCT = YES;
			};
			name = Release;
		};
		4917FA6E27FDFC0300B30498 /* Debug */ = {
			isa = XCBuildConfiguration;
			buildSettings = {
				ASSETCATALOG_COMPILER_APPICON_NAME = AppIcon;
				ASSETCATALOG_COMPILER_GLOBAL_ACCENT_COLOR_NAME = AccentColor;
				CODE_SIGN_STYLE = Automatic;
				CURRENT_PROJECT_VERSION = 1;
				GENERATE_INFOPLIST_FILE = YES;
				INFOPLIST_FILE = ProyectoAvance/Info.plist;
				INFOPLIST_KEY_UIApplicationSupportsIndirectInputEvents = YES;
				INFOPLIST_KEY_UILaunchStoryboardName = LaunchScreen;
				INFOPLIST_KEY_UIMainStoryboardFile = Main;
				INFOPLIST_KEY_UISupportedInterfaceOrientations_iPad = "UIInterfaceOrientationPortrait UIInterfaceOrientationPortraitUpsideDown UIInterfaceOrientationLandscapeLeft UIInterfaceOrientationLandscapeRight";
				INFOPLIST_KEY_UISupportedInterfaceOrientations_iPhone = "UIInterfaceOrientationPortrait UIInterfaceOrientationLandscapeLeft UIInterfaceOrientationLandscapeRight";
				LD_RUNPATH_SEARCH_PATHS = (
					"$(inherited)",
					"@executable_path/Frameworks",
				);
				MARKETING_VERSION = 1.0;
				PRODUCT_BUNDLE_IDENTIFIER = unam.fca.ios.ProyectoAvance;
				PRODUCT_NAME = "$(TARGET_NAME)";
				SWIFT_EMIT_LOC_STRINGS = YES;
				SWIFT_VERSION = 5.0;
				TARGETED_DEVICE_FAMILY = "1,2";
			};
			name = Debug;
		};
		4917FA6F27FDFC0300B30498 /* Release */ = {
			isa = XCBuildConfiguration;
			buildSettings = {
				ASSETCATALOG_COMPILER_APPICON_NAME = AppIcon;
				ASSETCATALOG_COMPILER_GLOBAL_ACCENT_COLOR_NAME = AccentColor;
				CODE_SIGN_STYLE = Automatic;
				CURRENT_PROJECT_VERSION = 1;
				GENERATE_INFOPLIST_FILE = YES;
				INFOPLIST_FILE = ProyectoAvance/Info.plist;
				INFOPLIST_KEY_UIApplicationSupportsIndirectInputEvents = YES;
				INFOPLIST_KEY_UILaunchStoryboardName = LaunchScreen;
				INFOPLIST_KEY_UIMainStoryboardFile = Main;
				INFOPLIST_KEY_UISupportedInterfaceOrientations_iPad = "UIInterfaceOrientationPortrait UIInterfaceOrientationPortraitUpsideDown UIInterfaceOrientationLandscapeLeft UIInterfaceOrientationLandscapeRight";
				INFOPLIST_KEY_UISupportedInterfaceOrientations_iPhone = "UIInterfaceOrientationPortrait UIInterfaceOrientationLandscapeLeft UIInterfaceOrientationLandscapeRight";
				LD_RUNPATH_SEARCH_PATHS = (
					"$(inherited)",
					"@executable_path/Frameworks",
				);
				MARKETING_VERSION = 1.0;
				PRODUCT_BUNDLE_IDENTIFIER = unam.fca.ios.ProyectoAvance;
				PRODUCT_NAME = "$(TARGET_NAME)";
				SWIFT_EMIT_LOC_STRINGS = YES;
				SWIFT_VERSION = 5.0;
				TARGETED_DEVICE_FAMILY = "1,2";
			};
			name = Release;
		};
/* End XCBuildConfiguration section */

/* Begin XCConfigurationList section */
		4917FA5127FDFC0100B30498 /* Build configuration list for PBXProject "ProyectoAvance" */ = {
			isa = XCConfigurationList;
			buildConfigurations = (
				4917FA6B27FDFC0300B30498 /* Debug */,
				4917FA6C27FDFC0300B30498 /* Release */,
			);
			defaultConfigurationIsVisible = 0;
			defaultConfigurationName = Release;
		};
		4917FA6D27FDFC0300B30498 /* Build configuration list for PBXNativeTarget "ProyectoAvance" */ = {
			isa = XCConfigurationList;
			buildConfigurations = (
				4917FA6E27FDFC0300B30498 /* Debug */,
				4917FA6F27FDFC0300B30498 /* Release */,
			);
			defaultConfigurationIsVisible = 0;
			defaultConfigurationName = Release;
		};
/* End XCConfigurationList section */

/* Begin XCVersionGroup section */
		4917FA6227FDFC0100B30498 /* ProyectoAvance.xcdatamodeld */ = {
			isa = XCVersionGroup;
			children = (
				4917FA6327FDFC0100B30498 /* ProyectoAvance.xcdatamodel */,
			);
			currentVersion = 4917FA6327FDFC0100B30498 /* ProyectoAvance.xcdatamodel */;
			path = ProyectoAvance.xcdatamodeld;
			sourceTree = "<group>";
			versionGroupType = wrapper.xcdatamodel;
		};
/* End XCVersionGroup section */
	};
	rootObject = 4917FA4E27FDFC0100B30498 /* Project object */;
}
